// !$*UTF8*$!
{
	archiveVersion = 1;
	classes = {
	};
	objectVersion = 46;
	objects = {

/* Begin PBXBuildFile section */
		962175F11AEAC2200062471E /* JobList.swift in Sources */ = {isa = PBXBuildFile; fileRef = 962175F01AEAC2200062471E /* JobList.swift */; };
		9643A6401AF1939F00F8B2A0 /* diwali.jpg in Resources */ = {isa = PBXBuildFile; fileRef = 9643A63E1AF1939F00F8B2A0 /* diwali.jpg */; };
		9643A6411AF1939F00F8B2A0 /* Orange.JPG in Resources */ = {isa = PBXBuildFile; fileRef = 9643A63F1AF1939F00F8B2A0 /* Orange.JPG */; };
		9643A6431AF193A900F8B2A0 /* third.jpg in Resources */ = {isa = PBXBuildFile; fileRef = 9643A6421AF193A900F8B2A0 /* third.jpg */; };
		968C05681AF08CA90096141F /* SelectCategoryView.swift in Sources */ = {isa = PBXBuildFile; fileRef = 968C05671AF08CA90096141F /* SelectCategoryView.swift */; };
		968C056A1AF08FA80096141F /* Singleton.swift in Sources */ = {isa = PBXBuildFile; fileRef = 968C05691AF08FA80096141F /* Singleton.swift */; };
		96A79BA91B028AC80026879B /* regionafrica.jpg in Resources */ = {isa = PBXBuildFile; fileRef = 96A79B971B028AC80026879B /* regionafrica.jpg */; };
		96A79BAA1B028AC80026879B /* regionanywhere.jpg in Resources */ = {isa = PBXBuildFile; fileRef = 96A79B981B028AC80026879B /* regionanywhere.jpg */; };
		96A79BAB1B028AC80026879B /* regionasia.jpg in Resources */ = {isa = PBXBuildFile; fileRef = 96A79B991B028AC80026879B /* regionasia.jpg */; };
		96A79BAC1B028AC80026879B /* regioncaribbean.jpg in Resources */ = {isa = PBXBuildFile; fileRef = 96A79B9A1B028AC80026879B /* regioncaribbean.jpg */; };
		96A79BAD1B028AC80026879B /* regioncentralamericamexico.jpg in Resources */ = {isa = PBXBuildFile; fileRef = 96A79B9B1B028AC80026879B /* regioncentralamericamexico.jpg */; };
		96A79BAE1B028AC80026879B /* regioneasterneuropecentralasia.jpg in Resources */ = {isa = PBXBuildFile; fileRef = 96A79B9C1B028AC80026879B /* regioneasterneuropecentralasia.jpg */; };
		96A79BAF1B028AC80026879B /* regionnorthafricamiddle.jpg in Resources */ = {isa = PBXBuildFile; fileRef = 96A79B9D1B028AC80026879B /* regionnorthafricamiddle.jpg */; };
		96A79BB01B028AC80026879B /* regionpacificislands.jpg in Resources */ = {isa = PBXBuildFile; fileRef = 96A79B9E1B028AC80026879B /* regionpacificislands.jpg */; };
		96A79BB11B028AC80026879B /* regionsouthamerica.jpg in Resources */ = {isa = PBXBuildFile; fileRef = 96A79B9F1B028AC80026879B /* regionsouthamerica.jpg */; };
		96A79BB21B028AC80026879B /* sectoragriculture.jpg in Resources */ = {isa = PBXBuildFile; fileRef = 96A79BA01B028AC80026879B /* sectoragriculture.jpg */; };
		96A79BB31B028AC80026879B /* sectoranything.jpg in Resources */ = {isa = PBXBuildFile; fileRef = 96A79BA11B028AC80026879B /* sectoranything.jpg */; };
		96A79BB41B028AC80026879B /* sectorcommunity.jpg in Resources */ = {isa = PBXBuildFile; fileRef = 96A79BA21B028AC80026879B /* sectorcommunity.jpg */; };
		96A79BB51B028AC80026879B /* sectoreducation.jpg in Resources */ = {isa = PBXBuildFile; fileRef = 96A79BA31B028AC80026879B /* sectoreducation.jpg */; };
		96A79BB61B028AC80026879B /* sectorenvironment.jpg in Resources */ = {isa = PBXBuildFile; fileRef = 96A79BA41B028AC80026879B /* sectorenvironment.jpg */; };
		96A79BB71B028AC80026879B /* sectorhealth.jpg in Resources */ = {isa = PBXBuildFile; fileRef = 96A79BA51B028AC80026879B /* sectorhealth.jpg */; };
		96A79BB81B028AC80026879B /* sectoryouth.jpg in Resources */ = {isa = PBXBuildFile; fileRef = 96A79BA61B028AC80026879B /* sectoryouth.jpg */; };
		96A79BB91B028AC80026879B /* splashscreen.png in Resources */ = {isa = PBXBuildFile; fileRef = 96A79BA71B028AC80026879B /* splashscreen.png */; };
		96F3DFD11ADDB0DE009F30AA /* AppDelegate.swift in Sources */ = {isa = PBXBuildFile; fileRef = 96F3DFD01ADDB0DE009F30AA /* AppDelegate.swift */; };
		96F3DFD31ADDB0DE009F30AA /* ViewController.swift in Sources */ = {isa = PBXBuildFile; fileRef = 96F3DFD21ADDB0DE009F30AA /* ViewController.swift */; };
		96F3DFD61ADDB0DE009F30AA /* Main.storyboard in Resources */ = {isa = PBXBuildFile; fileRef = 96F3DFD41ADDB0DE009F30AA /* Main.storyboard */; };
		96F3DFD81ADDB0DE009F30AA /* Images.xcassets in Resources */ = {isa = PBXBuildFile; fileRef = 96F3DFD71ADDB0DE009F30AA /* Images.xcassets */; };
		96F3DFDB1ADDB0DE009F30AA /* LaunchScreen.xib in Resources */ = {isa = PBXBuildFile; fileRef = 96F3DFD91ADDB0DE009F30AA /* LaunchScreen.xib */; };
		96F3DFE71ADDB0DE009F30AA /* PeaceCorps_OpeningsTests.swift in Sources */ = {isa = PBXBuildFile; fileRef = 96F3DFE61ADDB0DE009F30AA /* PeaceCorps_OpeningsTests.swift */; };
/* End PBXBuildFile section */

/* Begin PBXContainerItemProxy section */
		96F3DFE11ADDB0DE009F30AA /* PBXContainerItemProxy */ = {
			isa = PBXContainerItemProxy;
			containerPortal = 96F3DFC31ADDB0DE009F30AA /* Project object */;
			proxyType = 1;
			remoteGlobalIDString = 96F3DFCA1ADDB0DE009F30AA;
			remoteInfo = "PeaceCorps Openings";
		};
/* End PBXContainerItemProxy section */

/* Begin PBXFileReference section */
		962175F01AEAC2200062471E /* JobList.swift */ = {isa = PBXFileReference; fileEncoding = 4; lastKnownFileType = sourcecode.swift; path = JobList.swift; sourceTree = "<group>"; };
		9643A63E1AF1939F00F8B2A0 /* diwali.jpg */ = {isa = PBXFileReference; lastKnownFileType = image.jpeg; name = diwali.jpg; path = "Images.xcassets/AppIcon.appiconset/GAI Images/diwali.jpg"; sourceTree = "<group>"; };
		9643A63F1AF1939F00F8B2A0 /* Orange.JPG */ = {isa = PBXFileReference; lastKnownFileType = image.jpeg; name = Orange.JPG; path = "Images.xcassets/AppIcon.appiconset/GAI Images/Orange.JPG"; sourceTree = "<group>"; };
		9643A6421AF193A900F8B2A0 /* third.jpg */ = {isa = PBXFileReference; lastKnownFileType = image.jpeg; name = third.jpg; path = "Images.xcassets/AppIcon.appiconset/GAI Images/third.jpg"; sourceTree = "<group>"; };
		968C05671AF08CA90096141F /* SelectCategoryView.swift */ = {isa = PBXFileReference; fileEncoding = 4; lastKnownFileType = sourcecode.swift; path = SelectCategoryView.swift; sourceTree = "<group>"; };
		968C05691AF08FA80096141F /* Singleton.swift */ = {isa = PBXFileReference; fileEncoding = 4; lastKnownFileType = sourcecode.swift; path = Singleton.swift; sourceTree = "<group>"; };
		96A79B951B028AC80026879B /* diwali.jpg */ = {isa = PBXFileReference; lastKnownFileType = image.jpeg; name = diwali.jpg; path = "PeaceCorps Openings/Images.xcassets/AppIcon.appiconset/GAI Images/diwali.jpg"; sourceTree = "<group>"; };
		96A79B961B028AC80026879B /* Orange.JPG */ = {isa = PBXFileReference; lastKnownFileType = image.jpeg; name = Orange.JPG; path = "PeaceCorps Openings/Images.xcassets/AppIcon.appiconset/GAI Images/Orange.JPG"; sourceTree = "<group>"; };
		96A79B971B028AC80026879B /* regionafrica.jpg */ = {isa = PBXFileReference; lastKnownFileType = image.jpeg; name = regionafrica.jpg; path = "PeaceCorps Openings/Images.xcassets/AppIcon.appiconset/GAI Images/regionafrica.jpg"; sourceTree = "<group>"; };
		96A79B981B028AC80026879B /* regionanywhere.jpg */ = {isa = PBXFileReference; lastKnownFileType = image.jpeg; name = regionanywhere.jpg; path = "PeaceCorps Openings/Images.xcassets/AppIcon.appiconset/GAI Images/regionanywhere.jpg"; sourceTree = "<group>"; };
		96A79B991B028AC80026879B /* regionasia.jpg */ = {isa = PBXFileReference; lastKnownFileType = image.jpeg; name = regionasia.jpg; path = "PeaceCorps Openings/Images.xcassets/AppIcon.appiconset/GAI Images/regionasia.jpg"; sourceTree = "<group>"; };
		96A79B9A1B028AC80026879B /* regioncaribbean.jpg */ = {isa = PBXFileReference; lastKnownFileType = image.jpeg; name = regioncaribbean.jpg; path = "PeaceCorps Openings/Images.xcassets/AppIcon.appiconset/GAI Images/regioncaribbean.jpg"; sourceTree = "<group>"; };
		96A79B9B1B028AC80026879B /* regioncentralamericamexico.jpg */ = {isa = PBXFileReference; lastKnownFileType = image.jpeg; name = regioncentralamericamexico.jpg; path = "PeaceCorps Openings/Images.xcassets/AppIcon.appiconset/GAI Images/regioncentralamericamexico.jpg"; sourceTree = "<group>"; };
		96A79B9C1B028AC80026879B /* regioneasterneuropecentralasia.jpg */ = {isa = PBXFileReference; lastKnownFileType = image.jpeg; name = regioneasterneuropecentralasia.jpg; path = "PeaceCorps Openings/Images.xcassets/AppIcon.appiconset/GAI Images/regioneasterneuropecentralasia.jpg"; sourceTree = "<group>"; };
		96A79B9D1B028AC80026879B /* regionnorthafricamiddle.jpg */ = {isa = PBXFileReference; lastKnownFileType = image.jpeg; name = regionnorthafricamiddle.jpg; path = "PeaceCorps Openings/Images.xcassets/AppIcon.appiconset/GAI Images/regionnorthafricamiddle.jpg"; sourceTree = "<group>"; };
		96A79B9E1B028AC80026879B /* regionpacificislands.jpg */ = {isa = PBXFileReference; lastKnownFileType = image.jpeg; name = regionpacificislands.jpg; path = "PeaceCorps Openings/Images.xcassets/AppIcon.appiconset/GAI Images/regionpacificislands.jpg"; sourceTree = "<group>"; };
		96A79B9F1B028AC80026879B /* regionsouthamerica.jpg */ = {isa = PBXFileReference; lastKnownFileType = image.jpeg; name = regionsouthamerica.jpg; path = "PeaceCorps Openings/Images.xcassets/AppIcon.appiconset/GAI Images/regionsouthamerica.jpg"; sourceTree = "<group>"; };
		96A79BA01B028AC80026879B /* sectoragriculture.jpg */ = {isa = PBXFileReference; lastKnownFileType = image.jpeg; name = sectoragriculture.jpg; path = "PeaceCorps Openings/Images.xcassets/AppIcon.appiconset/GAI Images/sectoragriculture.jpg"; sourceTree = "<group>"; };
		96A79BA11B028AC80026879B /* sectoranything.jpg */ = {isa = PBXFileReference; lastKnownFileType = image.jpeg; name = sectoranything.jpg; path = "PeaceCorps Openings/Images.xcassets/AppIcon.appiconset/GAI Images/sectoranything.jpg"; sourceTree = "<group>"; };
		96A79BA21B028AC80026879B /* sectorcommunity.jpg */ = {isa = PBXFileReference; lastKnownFileType = image.jpeg; name = sectorcommunity.jpg; path = "PeaceCorps Openings/Images.xcassets/AppIcon.appiconset/GAI Images/sectorcommunity.jpg"; sourceTree = "<group>"; };
		96A79BA31B028AC80026879B /* sectoreducation.jpg */ = {isa = PBXFileReference; lastKnownFileType = image.jpeg; name = sectoreducation.jpg; path = "PeaceCorps Openings/Images.xcassets/AppIcon.appiconset/GAI Images/sectoreducation.jpg"; sourceTree = "<group>"; };
		96A79BA41B028AC80026879B /* sectorenvironment.jpg */ = {isa = PBXFileReference; lastKnownFileType = image.jpeg; name = sectorenvironment.jpg; path = "PeaceCorps Openings/Images.xcassets/AppIcon.appiconset/GAI Images/sectorenvironment.jpg"; sourceTree = "<group>"; };
		96A79BA51B028AC80026879B /* sectorhealth.jpg */ = {isa = PBXFileReference; lastKnownFileType = image.jpeg; name = sectorhealth.jpg; path = "PeaceCorps Openings/Images.xcassets/AppIcon.appiconset/GAI Images/sectorhealth.jpg"; sourceTree = "<group>"; };
		96A79BA61B028AC80026879B /* sectoryouth.jpg */ = {isa = PBXFileReference; lastKnownFileType = image.jpeg; name = sectoryouth.jpg; path = "PeaceCorps Openings/Images.xcassets/AppIcon.appiconset/GAI Images/sectoryouth.jpg"; sourceTree = "<group>"; };
		96A79BA71B028AC80026879B /* splashscreen.png */ = {isa = PBXFileReference; lastKnownFileType = image.png; name = splashscreen.png; path = "PeaceCorps Openings/Images.xcassets/AppIcon.appiconset/GAI Images/splashscreen.png"; sourceTree = "<group>"; };
		96A79BA81B028AC80026879B /* third.jpg */ = {isa = PBXFileReference; lastKnownFileType = image.jpeg; name = third.jpg; path = "PeaceCorps Openings/Images.xcassets/AppIcon.appiconset/GAI Images/third.jpg"; sourceTree = "<group>"; };
		96D4A0761ADF3D19004B5457 /* MyPlayground.playground */ = {isa = PBXFileReference; lastKnownFileType = file.playground; path = MyPlayground.playground; sourceTree = "<group>"; };
		96F3DFCB1ADDB0DE009F30AA /* PeaceCorps Openings.app */ = {isa = PBXFileReference; explicitFileType = wrapper.application; includeInIndex = 0; path = "PeaceCorps Openings.app"; sourceTree = BUILT_PRODUCTS_DIR; };
		96F3DFCF1ADDB0DE009F30AA /* Info.plist */ = {isa = PBXFileReference; lastKnownFileType = text.plist.xml; path = Info.plist; sourceTree = "<group>"; };
		96F3DFD01ADDB0DE009F30AA /* AppDelegate.swift */ = {isa = PBXFileReference; lastKnownFileType = sourcecode.swift; path = AppDelegate.swift; sourceTree = "<group>"; };
		96F3DFD21ADDB0DE009F30AA /* ViewController.swift */ = {isa = PBXFileReference; lastKnownFileType = sourcecode.swift; path = ViewController.swift; sourceTree = "<group>"; };
		96F3DFD51ADDB0DE009F30AA /* Base */ = {isa = PBXFileReference; lastKnownFileType = file.storyboard; name = Base; path = Base.lproj/Main.storyboard; sourceTree = "<group>"; };
		96F3DFD71ADDB0DE009F30AA /* Images.xcassets */ = {isa = PBXFileReference; lastKnownFileType = folder.assetcatalog; path = Images.xcassets; sourceTree = "<group>"; };
		96F3DFDA1ADDB0DE009F30AA /* Base */ = {isa = PBXFileReference; lastKnownFileType = file.xib; name = Base; path = Base.lproj/LaunchScreen.xib; sourceTree = "<group>"; };
		96F3DFE01ADDB0DE009F30AA /* PeaceCorps OpeningsTests.xctest */ = {isa = PBXFileReference; explicitFileType = wrapper.cfbundle; includeInIndex = 0; path = "PeaceCorps OpeningsTests.xctest"; sourceTree = BUILT_PRODUCTS_DIR; };
		96F3DFE51ADDB0DE009F30AA /* Info.plist */ = {isa = PBXFileReference; lastKnownFileType = text.plist.xml; path = Info.plist; sourceTree = "<group>"; };
		96F3DFE61ADDB0DE009F30AA /* PeaceCorps_OpeningsTests.swift */ = {isa = PBXFileReference; lastKnownFileType = sourcecode.swift; path = PeaceCorps_OpeningsTests.swift; sourceTree = "<group>"; };
/* End PBXFileReference section */

/* Begin PBXFrameworksBuildPhase section */
		96F3DFC81ADDB0DE009F30AA /* Frameworks */ = {
			isa = PBXFrameworksBuildPhase;
			buildActionMask = 2147483647;
			files = (
			);
			runOnlyForDeploymentPostprocessing = 0;
		};
		96F3DFDD1ADDB0DE009F30AA /* Frameworks */ = {
			isa = PBXFrameworksBuildPhase;
			buildActionMask = 2147483647;
			files = (
			);
			runOnlyForDeploymentPostprocessing = 0;
		};
/* End PBXFrameworksBuildPhase section */

/* Begin PBXGroup section */
		96F3DFC21ADDB0DE009F30AA = {
			isa = PBXGroup;
			children = (
				96A79B951B028AC80026879B /* diwali.jpg */,
				96A79B961B028AC80026879B /* Orange.JPG */,
				96A79B971B028AC80026879B /* regionafrica.jpg */,
				96A79B981B028AC80026879B /* regionanywhere.jpg */,
				96A79B991B028AC80026879B /* regionasia.jpg */,
				96A79B9A1B028AC80026879B /* regioncaribbean.jpg */,
				96A79B9B1B028AC80026879B /* regioncentralamericamexico.jpg */,
				96A79B9C1B028AC80026879B /* regioneasterneuropecentralasia.jpg */,
				96A79B9D1B028AC80026879B /* regionnorthafricamiddle.jpg */,
				96A79B9E1B028AC80026879B /* regionpacificislands.jpg */,
				96A79B9F1B028AC80026879B /* regionsouthamerica.jpg */,
				96A79BA01B028AC80026879B /* sectoragriculture.jpg */,
				96A79BA11B028AC80026879B /* sectoranything.jpg */,
				96A79BA21B028AC80026879B /* sectorcommunity.jpg */,
				96A79BA31B028AC80026879B /* sectoreducation.jpg */,
				96A79BA41B028AC80026879B /* sectorenvironment.jpg */,
				96A79BA51B028AC80026879B /* sectorhealth.jpg */,
				96A79BA61B028AC80026879B /* sectoryouth.jpg */,
				96A79BA71B028AC80026879B /* splashscreen.png */,
				96A79BA81B028AC80026879B /* third.jpg */,
				96F3DFCD1ADDB0DE009F30AA /* PeaceCorps Openings */,
				96F3DFE31ADDB0DE009F30AA /* PeaceCorps OpeningsTests */,
				96F3DFCC1ADDB0DE009F30AA /* Products */,
			);
			sourceTree = "<group>";
		};
		96F3DFCC1ADDB0DE009F30AA /* Products */ = {
			isa = PBXGroup;
			children = (
				96F3DFCB1ADDB0DE009F30AA /* PeaceCorps Openings.app */,
				96F3DFE01ADDB0DE009F30AA /* PeaceCorps OpeningsTests.xctest */,
			);
			name = Products;
			sourceTree = "<group>";
		};
		96F3DFCD1ADDB0DE009F30AA /* PeaceCorps Openings */ = {
			isa = PBXGroup;
			children = (
				962175F01AEAC2200062471E /* JobList.swift */,
				96F3DFD01ADDB0DE009F30AA /* AppDelegate.swift */,
				96F3DFD21ADDB0DE009F30AA /* ViewController.swift */,
				968C05691AF08FA80096141F /* Singleton.swift */,
				96D4A0761ADF3D19004B5457 /* MyPlayground.playground */,
				96F3DFD41ADDB0DE009F30AA /* Main.storyboard */,
				968C05671AF08CA90096141F /* SelectCategoryView.swift */,
				96F3DFD71ADDB0DE009F30AA /* Images.xcassets */,
				96F3DFD91ADDB0DE009F30AA /* LaunchScreen.xib */,
				96F3DFCE1ADDB0DE009F30AA /* Supporting Files */,
			);
			path = "PeaceCorps Openings";
			sourceTree = "<group>";
		};
		96F3DFCE1ADDB0DE009F30AA /* Supporting Files */ = {
			isa = PBXGroup;
			children = (
				9643A6421AF193A900F8B2A0 /* third.jpg */,
				9643A63E1AF1939F00F8B2A0 /* diwali.jpg */,
				9643A63F1AF1939F00F8B2A0 /* Orange.JPG */,
				96F3DFCF1ADDB0DE009F30AA /* Info.plist */,
			);
			name = "Supporting Files";
			sourceTree = "<group>";
		};
		96F3DFE31ADDB0DE009F30AA /* PeaceCorps OpeningsTests */ = {
			isa = PBXGroup;
			children = (
				96F3DFE61ADDB0DE009F30AA /* PeaceCorps_OpeningsTests.swift */,
				96F3DFE41ADDB0DE009F30AA /* Supporting Files */,
			);
			path = "PeaceCorps OpeningsTests";
			sourceTree = "<group>";
		};
		96F3DFE41ADDB0DE009F30AA /* Supporting Files */ = {
			isa = PBXGroup;
			children = (
				96F3DFE51ADDB0DE009F30AA /* Info.plist */,
			);
			name = "Supporting Files";
			sourceTree = "<group>";
		};
/* End PBXGroup section */

/* Begin PBXNativeTarget section */
		96F3DFCA1ADDB0DE009F30AA /* PeaceCorps Openings */ = {
			isa = PBXNativeTarget;
			buildConfigurationList = 96F3DFEA1ADDB0DE009F30AA /* Build configuration list for PBXNativeTarget "PeaceCorps Openings" */;
			buildPhases = (
				96F3DFC71ADDB0DE009F30AA /* Sources */,
				96F3DFC81ADDB0DE009F30AA /* Frameworks */,
				96F3DFC91ADDB0DE009F30AA /* Resources */,
			);
			buildRules = (
			);
			dependencies = (
			);
			name = "PeaceCorps Openings";
			productName = "PeaceCorps Openings";
			productReference = 96F3DFCB1ADDB0DE009F30AA /* PeaceCorps Openings.app */;
			productType = "com.apple.product-type.application";
		};
		96F3DFDF1ADDB0DE009F30AA /* PeaceCorps OpeningsTests */ = {
			isa = PBXNativeTarget;
			buildConfigurationList = 96F3DFED1ADDB0DE009F30AA /* Build configuration list for PBXNativeTarget "PeaceCorps OpeningsTests" */;
			buildPhases = (
				96F3DFDC1ADDB0DE009F30AA /* Sources */,
				96F3DFDD1ADDB0DE009F30AA /* Frameworks */,
				96F3DFDE1ADDB0DE009F30AA /* Resources */,
			);
			buildRules = (
			);
			dependencies = (
				96F3DFE21ADDB0DE009F30AA /* PBXTargetDependency */,
			);
			name = "PeaceCorps OpeningsTests";
			productName = "PeaceCorps OpeningsTests";
			productReference = 96F3DFE01ADDB0DE009F30AA /* PeaceCorps OpeningsTests.xctest */;
			productType = "com.apple.product-type.bundle.unit-test";
		};
/* End PBXNativeTarget section */

/* Begin PBXProject section */
		96F3DFC31ADDB0DE009F30AA /* Project object */ = {
			isa = PBXProject;
			attributes = {
				LastUpgradeCheck = 0620;
				ORGANIZATIONNAME = GAI;
				TargetAttributes = {
					96F3DFCA1ADDB0DE009F30AA = {
						CreatedOnToolsVersion = 6.2;
					};
					96F3DFDF1ADDB0DE009F30AA = {
						CreatedOnToolsVersion = 6.2;
						TestTargetID = 96F3DFCA1ADDB0DE009F30AA;
					};
				};
			};
			buildConfigurationList = 96F3DFC61ADDB0DE009F30AA /* Build configuration list for PBXProject "PeaceCorps Openings" */;
			compatibilityVersion = "Xcode 3.2";
			developmentRegion = English;
			hasScannedForEncodings = 0;
			knownRegions = (
				en,
				Base,
			);
			mainGroup = 96F3DFC21ADDB0DE009F30AA;
			productRefGroup = 96F3DFCC1ADDB0DE009F30AA /* Products */;
			projectDirPath = "";
			projectRoot = "";
			targets = (
				96F3DFCA1ADDB0DE009F30AA /* PeaceCorps Openings */,
				96F3DFDF1ADDB0DE009F30AA /* PeaceCorps OpeningsTests */,
			);
		};
/* End PBXProject section */

/* Begin PBXResourcesBuildPhase section */
		96F3DFC91ADDB0DE009F30AA /* Resources */ = {
			isa = PBXResourcesBuildPhase;
			buildActionMask = 2147483647;
			files = (
				96F3DFD61ADDB0DE009F30AA /* Main.storyboard in Resources */,
				9643A6401AF1939F00F8B2A0 /* diwali.jpg in Resources */,
				9643A6411AF1939F00F8B2A0 /* Orange.JPG in Resources */,
				96A79BA91B028AC80026879B /* regionafrica.jpg in Resources */,
				96A79BAA1B028AC80026879B /* regionanywhere.jpg in Resources */,
				96A79BAB1B028AC80026879B /* regionasia.jpg in Resources */,
				96A79BAC1B028AC80026879B /* regioncaribbean.jpg in Resources */,
				96A79BAD1B028AC80026879B /* regioncentralamericamexico.jpg in Resources */,
				96A79BAE1B028AC80026879B /* regioneasterneuropecentralasia.jpg in Resources */,
				96A79BAF1B028AC80026879B /* regionnorthafricamiddle.jpg in Resources */,
				96A79BB01B028AC80026879B /* regionpacificislands.jpg in Resources */,
				96A79BB11B028AC80026879B /* regionsouthamerica.jpg in Resources */,
				96A79BB21B028AC80026879B /* sectoragriculture.jpg in Resources */,
				96A79BB31B028AC80026879B /* sectoranything.jpg in Resources */,
				96A79BB41B028AC80026879B /* sectorcommunity.jpg in Resources */,
				96A79BB51B028AC80026879B /* sectoreducation.jpg in Resources */,
				96A79BB61B028AC80026879B /* sectorenvironment.jpg in Resources */,
				96A79BB71B028AC80026879B /* sectorhealth.jpg in Resources */,
				96A79BB81B028AC80026879B /* sectoryouth.jpg in Resources */,
				96A79BB91B028AC80026879B /* splashscreen.png in Resources */,
				9643A6431AF193A900F8B2A0 /* third.jpg in Resources */,
				96F3DFDB1ADDB0DE009F30AA /* LaunchScreen.xib in Resources */,
				96F3DFD81ADDB0DE009F30AA /* Images.xcassets in Resources */,
			);
			runOnlyForDeploymentPostprocessing = 0;
		};
		96F3DFDE1ADDB0DE009F30AA /* Resources */ = {
			isa = PBXResourcesBuildPhase;
			buildActionMask = 2147483647;
			files = (
			);
			runOnlyForDeploymentPostprocessing = 0;
		};
/* End PBXResourcesBuildPhase section */

/* Begin PBXSourcesBuildPhase section */
		96F3DFC71ADDB0DE009F30AA /* Sources */ = {
			isa = PBXSourcesBuildPhase;
			buildActionMask = 2147483647;
			files = (
				968C05681AF08CA90096141F /* SelectCategoryView.swift in Sources */,
				96F3DFD31ADDB0DE009F30AA /* ViewController.swift in Sources */,
				962175F11AEAC2200062471E /* JobList.swift in Sources */,
				968C056A1AF08FA80096141F /* Singleton.swift in Sources */,
				96F3DFD11ADDB0DE009F30AA /* AppDelegate.swift in Sources */,
			);
			runOnlyForDeploymentPostprocessing = 0;
		};
		96F3DFDC1ADDB0DE009F30AA /* Sources */ = {
			isa = PBXSourcesBuildPhase;
			buildActionMask = 2147483647;
			files = (
				96F3DFE71ADDB0DE009F30AA /* PeaceCorps_OpeningsTests.swift in Sources */,
			);
			runOnlyForDeploymentPostprocessing = 0;
		};
/* End PBXSourcesBuildPhase section */

/* Begin PBXTargetDependency section */
		96F3DFE21ADDB0DE009F30AA /* PBXTargetDependency */ = {
			isa = PBXTargetDependency;
			target = 96F3DFCA1ADDB0DE009F30AA /* PeaceCorps Openings */;
			targetProxy = 96F3DFE11ADDB0DE009F30AA /* PBXContainerItemProxy */;
		};
/* End PBXTargetDependency section */

/* Begin PBXVariantGroup section */
		96F3DFD41ADDB0DE009F30AA /* Main.storyboard */ = {
			isa = PBXVariantGroup;
			children = (
				96F3DFD51ADDB0DE009F30AA /* Base */,
			);
			name = Main.storyboard;
			sourceTree = "<group>";
		};
		96F3DFD91ADDB0DE009F30AA /* LaunchScreen.xib */ = {
			isa = PBXVariantGroup;
			children = (
				96F3DFDA1ADDB0DE009F30AA /* Base */,
			);
			name = LaunchScreen.xib;
			sourceTree = "<group>";
		};
/* End PBXVariantGroup section */

/* Begin XCBuildConfiguration section */
		96F3DFE81ADDB0DE009F30AA /* Debug */ = {
			isa = XCBuildConfiguration;
			buildSettings = {
				ALWAYS_SEARCH_USER_PATHS = NO;
				CLANG_CXX_LANGUAGE_STANDARD = "gnu++0x";
				CLANG_CXX_LIBRARY = "libc++";
				CLANG_ENABLE_MODULES = YES;
				CLANG_ENABLE_OBJC_ARC = YES;
				CLANG_WARN_BOOL_CONVERSION = YES;
				CLANG_WARN_CONSTANT_CONVERSION = YES;
				CLANG_WARN_DIRECT_OBJC_ISA_USAGE = YES_ERROR;
				CLANG_WARN_EMPTY_BODY = YES;
				CLANG_WARN_ENUM_CONVERSION = YES;
				CLANG_WARN_INT_CONVERSION = YES;
				CLANG_WARN_OBJC_ROOT_CLASS = YES_ERROR;
				CLANG_WARN_UNREACHABLE_CODE = YES;
				CLANG_WARN__DUPLICATE_METHOD_MATCH = YES;
				"CODE_SIGN_IDENTITY[sdk=iphoneos*]" = "iPhone Developer";
				COPY_PHASE_STRIP = NO;
				ENABLE_STRICT_OBJC_MSGSEND = YES;
				GCC_C_LANGUAGE_STANDARD = gnu99;
				GCC_DYNAMIC_NO_PIC = NO;
				GCC_OPTIMIZATION_LEVEL = 0;
				GCC_PREPROCESSOR_DEFINITIONS = (
					"DEBUG=1",
					"$(inherited)",
				);
				GCC_SYMBOLS_PRIVATE_EXTERN = NO;
				GCC_WARN_64_TO_32_BIT_CONVERSION = YES;
				GCC_WARN_ABOUT_RETURN_TYPE = YES_ERROR;
				GCC_WARN_UNDECLARED_SELECTOR = YES;
				GCC_WARN_UNINITIALIZED_AUTOS = YES_AGGRESSIVE;
				GCC_WARN_UNUSED_FUNCTION = YES;
				GCC_WARN_UNUSED_VARIABLE = YES;
				IPHONEOS_DEPLOYMENT_TARGET = 8.2;
				MTL_ENABLE_DEBUG_INFO = YES;
				ONLY_ACTIVE_ARCH = YES;
				SDKROOT = iphoneos;
				SWIFT_OPTIMIZATION_LEVEL = "-Onone";
				TARGETED_DEVICE_FAMILY = "1,2";
			};
			name = Debug;
		};
		96F3DFE91ADDB0DE009F30AA /* Release */ = {
			isa = XCBuildConfiguration;
			buildSettings = {
				ALWAYS_SEARCH_USER_PATHS = NO;
				CLANG_CXX_LANGUAGE_STANDARD = "gnu++0x";
				CLANG_CXX_LIBRARY = "libc++";
				CLANG_ENABLE_MODULES = YES;
				CLANG_ENABLE_OBJC_ARC = YES;
				CLANG_WARN_BOOL_CONVERSION = YES;
				CLANG_WARN_CONSTANT_CONVERSION = YES;
				CLANG_WARN_DIRECT_OBJC_ISA_USAGE = YES_ERROR;
				CLANG_WARN_EMPTY_BODY = YES;
				CLANG_WARN_ENUM_CONVERSION = YES;
				CLANG_WARN_INT_CONVERSION = YES;
				CLANG_WARN_OBJC_ROOT_CLASS = YES_ERROR;
				CLANG_WARN_UNREACHABLE_CODE = YES;
				CLANG_WARN__DUPLICATE_METHOD_MATCH = YES;
				"CODE_SIGN_IDENTITY[sdk=iphoneos*]" = "iPhone Developer";
				COPY_PHASE_STRIP = NO;
				ENABLE_NS_ASSERTIONS = NO;
				ENABLE_STRICT_OBJC_MSGSEND = YES;
				GCC_C_LANGUAGE_STANDARD = gnu99;
				GCC_WARN_64_TO_32_BIT_CONVERSION = YES;
				GCC_WARN_ABOUT_RETURN_TYPE = YES_ERROR;
				GCC_WARN_UNDECLARED_SELECTOR = YES;
				GCC_WARN_UNINITIALIZED_AUTOS = YES_AGGRESSIVE;
				GCC_WARN_UNUSED_FUNCTION = YES;
				GCC_WARN_UNUSED_VARIABLE = YES;
				IPHONEOS_DEPLOYMENT_TARGET = 8.2;
				MTL_ENABLE_DEBUG_INFO = NO;
				SDKROOT = iphoneos;
				TARGETED_DEVICE_FAMILY = "1,2";
				VALIDATE_PRODUCT = YES;
			};
			name = Release;
		};
		96F3DFEB1ADDB0DE009F30AA /* Debug */ = {
			isa = XCBuildConfiguration;
			buildSettings = {
				ASSETCATALOG_COMPILER_APPICON_NAME = AppIcon;
				INFOPLIST_FILE = "PeaceCorps Openings/Info.plist";
				LD_RUNPATH_SEARCH_PATHS = "$(inherited) @executable_path/Frameworks";
				PRODUCT_NAME = "$(TARGET_NAME)";
			};
			name = Debug;
		};
		96F3DFEC1ADDB0DE009F30AA /* Release */ = {
			isa = XCBuildConfiguration;
			buildSettings = {
				ASSETCATALOG_COMPILER_APPICON_NAME = AppIcon;
				INFOPLIST_FILE = "PeaceCorps Openings/Info.plist";
				LD_RUNPATH_SEARCH_PATHS = "$(inherited) @executable_path/Frameworks";
				PRODUCT_NAME = "$(TARGET_NAME)";
			};
			name = Release;
		};
		96F3DFEE1ADDB0DE009F30AA /* Debug */ = {
			isa = XCBuildConfiguration;
			buildSettings = {
				BUNDLE_LOADER = "$(TEST_HOST)";
				FRAMEWORK_SEARCH_PATHS = (
					"$(SDKROOT)/Developer/Library/Frameworks",
					"$(inherited)",
				);
				GCC_PREPROCESSOR_DEFINITIONS = (
					"DEBUG=1",
					"$(inherited)",
				);
				INFOPLIST_FILE = "PeaceCorps OpeningsTests/Info.plist";
				LD_RUNPATH_SEARCH_PATHS = "$(inherited) @executable_path/Frameworks @loader_path/Frameworks";
				PRODUCT_NAME = "$(TARGET_NAME)";
				TEST_HOST = "$(BUILT_PRODUCTS_DIR)/PeaceCorps Openings.app/PeaceCorps Openings";
			};
			name = Debug;
		};
		96F3DFEF1ADDB0DE009F30AA /* Release */ = {
			isa = XCBuildConfiguration;
			buildSettings = {
				BUNDLE_LOADER = "$(TEST_HOST)";
				FRAMEWORK_SEARCH_PATHS = (
					"$(SDKROOT)/Developer/Library/Frameworks",
					"$(inherited)",
				);
				INFOPLIST_FILE = "PeaceCorps OpeningsTests/Info.plist";
				LD_RUNPATH_SEARCH_PATHS = "$(inherited) @executable_path/Frameworks @loader_path/Frameworks";
				PRODUCT_NAME = "$(TARGET_NAME)";
				TEST_HOST = "$(BUILT_PRODUCTS_DIR)/PeaceCorps Openings.app/PeaceCorps Openings";
			};
			name = Release;
		};
/* End XCBuildConfiguration section */

/* Begin XCConfigurationList section */
		96F3DFC61ADDB0DE009F30AA /* Build configuration list for PBXProject "PeaceCorps Openings" */ = {
			isa = XCConfigurationList;
			buildConfigurations = (
				96F3DFE81ADDB0DE009F30AA /* Debug */,
				96F3DFE91ADDB0DE009F30AA /* Release */,
			);
			defaultConfigurationIsVisible = 0;
			defaultConfigurationName = Release;
		};
		96F3DFEA1ADDB0DE009F30AA /* Build configuration list for PBXNativeTarget "PeaceCorps Openings" */ = {
			isa = XCConfigurationList;
			buildConfigurations = (
				96F3DFEB1ADDB0DE009F30AA /* Debug */,
				96F3DFEC1ADDB0DE009F30AA /* Release */,
			);
			defaultConfigurationIsVisible = 0;
			defaultConfigurationName = Release;
		};
		96F3DFED1ADDB0DE009F30AA /* Build configuration list for PBXNativeTarget "PeaceCorps OpeningsTests" */ = {
			isa = XCConfigurationList;
			buildConfigurations = (
				96F3DFEE1ADDB0DE009F30AA /* Debug */,
				96F3DFEF1ADDB0DE009F30AA /* Release */,
			);
			defaultConfigurationIsVisible = 0;
			defaultConfigurationName = Release;
		};
/* End XCConfigurationList section */
	};
	rootObject = 96F3DFC31ADDB0DE009F30AA /* Project object */;
}
